
Microsoft Visual Studio Solution File, Format Version 12.00
# Visual Studio Version 16
VisualStudioVersion = 16.0.29209.152
MinimumVisualStudioVersion = 10.0.40219.1
Project("{FAE04EC0-301F-11D3-BF4B-00C04F79EFBC}") = "SequenceReaderSample", "SequenceReaderSample\SequenceReaderSample.csproj", "{B6CA9BFD-4FFF-4FF3-9F93-9F2BD28B3A27}"
EndProject
Global
	GlobalSection(SolutionConfigurationPlatforms) = preSolution
		Debug|Any CPU = Debug|Any CPU
		Release|Any CPU = Release|Any CPU
	EndGlobalSection
	GlobalSection(ProjectConfigurationPlatforms) = postSolution
		{B6CA9BFD-4FFF-4FF3-9F93-9F2BD28B3A27}.Debug|Any CPU.ActiveCfg = Debug|Any CPU
		{B6CA9BFD-4FFF-4FF3-9F93-9F2BD28B3A27}.Debug|Any CPU.Build.0 = Debug|Any CPU
		{B6CA9BFD-4FFF-4FF3-9F93-9F2BD28B3A27}.Release|Any CPU.ActiveCfg = Release|Any CPU
		{B6CA9BFD-4FFF-4FF3-9F93-9F2BD28B3A27}.Release|Any CPU.Build.0 = Release|Any CPU
	EndGlobalSection
	GlobalSection(SolutionProperties) = preSolution
		HideSolutionNode = FALSE
	EndGlobalSection
	GlobalSection(ExtensibilityGlobals) = postSolution
		SolutionGuid = {865BE31B-9047-4F1D-9EF2-EA4BA8F51AED}
	EndGlobalSection
EndGlobal
